# THIS IS AN AUTOGENERATED FILE. DO NOT EDIT THIS FILE DIRECTLY.
# yarn lockfile v1


d3-array@^1.2.0:
  version "1.2.1"
  resolved "https://registry.yarnpkg.com/d3-array/-/d3-array-1.2.1.tgz#d1ca33de2f6ac31efadb8e050a021d7e2396d5dc"

d3-collection@1:
  version "1.0.4"
  resolved "https://registry.yarnpkg.com/d3-collection/-/d3-collection-1.0.4.tgz#342dfd12837c90974f33f1cc0a785aea570dcdc2"

d3-color@1:
  version "1.0.3"
  resolved "https://registry.yarnpkg.com/d3-color/-/d3-color-1.0.3.tgz#bc7643fca8e53a8347e2fbdaffa236796b58509b"

d3-format@1:
  version "1.2.2"
  resolved "https://registry.yarnpkg.com/d3-format/-/d3-format-1.2.2.tgz#1a39c479c8a57fe5051b2e67a3bee27061a74e7a"

d3-interpolate@1:
  version "1.1.6"
  resolved "https://registry.yarnpkg.com/d3-interpolate/-/d3-interpolate-1.1.6.tgz#2cf395ae2381804df08aa1bf766b7f97b5f68fb6"
  dependencies:
    d3-color "1"

d3-scale@^2.0.0:
  version "2.0.0"
  resolved "https://registry.yarnpkg.com/d3-scale/-/d3-scale-2.0.0.tgz#fd8ac78381bc2ed741d8c71770437a5e0549a5a5"
  dependencies:
    d3-array "^1.2.0"
    d3-collection "1"
    d3-format "1"
    d3-interpolate "1"
    d3-time "1"
    d3-time-format "2"

d3-time-format@2:
  version "2.1.1"
  resolved "https://registry.yarnpkg.com/d3-time-format/-/d3-time-format-2.1.1.tgz#85b7cdfbc9ffca187f14d3c456ffda268081bb31"
  dependencies:
    d3-time "1"

d3-time@1:
  version "1.0.8"
  resolved "https://registry.yarnpkg.com/d3-time/-/d3-time-1.0.8.tgz#dbd2d6007bf416fe67a76d17947b784bffea1e84"
